github.com/go-test/deep v1.0.1 h1:UQhStjbkDClarlmv0am7OXXO4/GaPdCGiUiMTvi28sg=
github.com/go-test/deep v1.0.1/go.mod h1:wGDj63lr65AM2AQyKZd/NYHGb0R+1RLqB8NKt3aSFNA=
github.com/qmuntal/gltf v0.28.0 h1:C4A1temWMPtcI2+qNfpfRq8FEJxoBGUN3ZZM8BCc+xU=
github.com/qmuntal/gltf v0.28.0/go.mod h1:YoXZOt0Nc0kIfSKOLZIRoV4FycdC+GzE+3JgiAGYoMs=
github.com/tomas-mraz/vulkan v0.0.0-20260323112817-4f29e510696c h1:NR9rifAgbzWXG8OJWoLfI1fT2uudtvslBwrjc+havbU=
github.com/tomas-mraz/vulkan v0.0.0-20260323112817-4f29e510696c/go.mod h1:7CuXD9pJzuWKIPDk/nWssR8sNSbS7Xj+asL6WXQ8+Qw=
github.com/tomas-mraz/vulkan-ash v0.0.0-20260330080641-8e4ec41c2edb h1:0sZ9NfHQ8F5H3xExQ2iEoeNgVAkmZxkLOZc9udxNOTI=
github.com/tomas-mraz/vulkan-ash v0.0.0-20260330080641-8e4ec41c2edb/go.mod h1:7MiOyJmzarWCEBAlqgYx16awCfPv9pZ4ZlXn7gpN6p4=
github.com/xlab/tablewriter v0.0.0-20160610135559-80b567a11ad5 h1:gmD7q6cCJfBbcuobWQe/KzLsd9Cd3amS1Mq5f3uU1qo=
github.com/xlab/tablewriter v0.0.0-20160610135559-80b567a11ad5/go.mod h1:fVwOndYN3s5IaGlMucfgxwMhqwcaJtlGejBU6zX6Yxw=
