github.com/go-gl/glfw/v3.3/glfw v0.0.0-20260406072232-3ac4aa2bb164 h1:ddtotcEXIT7dFhSeXIWjK8YMFYl5bB2NdYQwgv6Uqjk=
github.com/go-gl/glfw/v3.3/glfw v0.0.0-20260406072232-3ac4aa2bb164/go.mod h1:SyRD8YfuKk+ZXlDqYiqe1qMSqjNgtHzBTG810KUagMc=
github.com/go-test/deep v1.0.1 h1:UQhStjbkDClarlmv0am7OXXO4/GaPdCGiUiMTvi28sg=
github.com/go-test/deep v1.0.1/go.mod h1:wGDj63lr65AM2AQyKZd/NYHGb0R+1RLqB8NKt3aSFNA=
github.com/qmuntal/gltf v0.28.0 h1:C4A1temWMPtcI2+qNfpfRq8FEJxoBGUN3ZZM8BCc+xU=
github.com/qmuntal/gltf v0.28.0/go.mod h1:YoXZOt0Nc0kIfSKOLZIRoV4FycdC+GzE+3JgiAGYoMs=
github.com/tomas-mraz/vulkan v0.0.0-20260414123201-a9f311e4c373 h1:eNFY06rQ8lKGcqIaeASKUvTlKe1PGYlAvcCWRxtXrUs=
github.com/tomas-mraz/vulkan v0.0.0-20260414123201-a9f311e4c373/go.mod h1:7CuXD9pJzuWKIPDk/nWssR8sNSbS7Xj+asL6WXQ8+Qw=
