github.com/tomas-mraz/vulkan v0.0.0-20260309110136-723eafb7e79f h1:TWcjuwD4xVSagIpn4FU5bDIU79qomBa1PPLeNS1VSmI=
github.com/tomas-mraz/vulkan v0.0.0-20260309110136-723eafb7e79f/go.mod h1:7CuXD9pJzuWKIPDk/nWssR8sNSbS7Xj+asL6WXQ8+Qw=
github.com/tomas-mraz/vulkan v0.0.0-20260322212130-88ac43a9bd7e h1:Hq4219aajqY1iomzt4g0w8IS7UG3149zPxvz0ujgqvM=
github.com/tomas-mraz/vulkan v0.0.0-20260322212130-88ac43a9bd7e/go.mod h1:7CuXD9pJzuWKIPDk/nWssR8sNSbS7Xj+asL6WXQ8+Qw=
github.com/tomas-mraz/vulkan v0.0.0-20260323092157-15e9ae077464/go.mod h1:/ZMss5vYfgdj0cgekmlIc4Nn/pL74lJYAMWrn/k0in4=
